
Microsoft Visual Studio Solution File, Format Version 12.00
# Visual Studio 15
VisualStudioVersion = 15.0.28307.489
MinimumVisualStudioVersion = 10.0.40219.1
Project("{FAE04EC0-301F-11D3-BF4B-00C04F79EFBC}") = "GCP", "GCP\GCP.csproj", "{11B5D42B-CDAF-452C-9A9F-7EA1E13C699A}"
EndProject
Global
	GlobalSection(SolutionConfigurationPlatforms) = preSolution
		Debug|Any CPU = Debug|Any CPU
		Release|Any CPU = Release|Any CPU
	EndGlobalSection
	GlobalSection(ProjectConfigurationPlatforms) = postSolution
		{11B5D42B-CDAF-452C-9A9F-7EA1E13C699A}.Debug|Any CPU.ActiveCfg = Debug|Any CPU
		{11B5D42B-CDAF-452C-9A9F-7EA1E13C699A}.Debug|Any CPU.Build.0 = Debug|Any CPU
		{11B5D42B-CDAF-452C-9A9F-7EA1E13C699A}.Release|Any CPU.ActiveCfg = Release|Any CPU
		{11B5D42B-CDAF-452C-9A9F-7EA1E13C699A}.Release|Any CPU.Build.0 = Release|Any CPU
	EndGlobalSection
	GlobalSection(SolutionProperties) = preSolution
		HideSolutionNode = FALSE
	EndGlobalSection
	GlobalSection(ExtensibilityGlobals) = postSolution
		SolutionGuid = {35F620BD-6369-43D8-8051-1A88946B2DA0}
	EndGlobalSection
EndGlobal
